
Microsoft Visual Studio Solution File, Format Version 12.00
# Visual Studio Version 18
VisualStudioVersion = 18.2.11430.68 d18.0
MinimumVisualStudioVersion = 10.0.40219.1
Project("{FAE04EC0-301F-11D3-BF4B-00C04F79EFBC}") = "WasmDemo", "WasmDemo\WasmDemo.csproj", "{C76FEA3C-CC5D-3FCE-E78E-21967E75BE44}"
EndProject
Project("{FAE04EC0-301F-11D3-BF4B-00C04F79EFBC}") = "ServerDemo", "ServerDemo\ServerDemo.csproj", "{4CC562DF-3657-6281-B8B1-3FBE2846CB39}"
EndProject
Project("{2150E333-8FDC-42A3-9474-1A3956D46DE8}") = "Solution Items", "Solution Items", "{F7E82FEA-3C08-4906-B74D-BDC5442424D2}"
	ProjectSection(SolutionItems) = preProject
		README.md = README.md
	EndProjectSection
EndProject
Global
	GlobalSection(SolutionConfigurationPlatforms) = preSolution
		Debug|Any CPU = Debug|Any CPU
		Release|Any CPU = Release|Any CPU
	EndGlobalSection
	GlobalSection(ProjectConfigurationPlatforms) = postSolution
		{C76FEA3C-CC5D-3FCE-E78E-21967E75BE44}.Debug|Any CPU.ActiveCfg = Debug|Any CPU
		{C76FEA3C-CC5D-3FCE-E78E-21967E75BE44}.Debug|Any CPU.Build.0 = Debug|Any CPU
		{C76FEA3C-CC5D-3FCE-E78E-21967E75BE44}.Release|Any CPU.ActiveCfg = Release|Any CPU
		{C76FEA3C-CC5D-3FCE-E78E-21967E75BE44}.Release|Any CPU.Build.0 = Release|Any CPU
		{4CC562DF-3657-6281-B8B1-3FBE2846CB39}.Debug|Any CPU.ActiveCfg = Debug|Any CPU
		{4CC562DF-3657-6281-B8B1-3FBE2846CB39}.Debug|Any CPU.Build.0 = Debug|Any CPU
		{4CC562DF-3657-6281-B8B1-3FBE2846CB39}.Release|Any CPU.ActiveCfg = Release|Any CPU
		{4CC562DF-3657-6281-B8B1-3FBE2846CB39}.Release|Any CPU.Build.0 = Release|Any CPU
	EndGlobalSection
	GlobalSection(SolutionProperties) = preSolution
		HideSolutionNode = FALSE
	EndGlobalSection
	GlobalSection(ExtensibilityGlobals) = postSolution
		SolutionGuid = {F876291A-045C-4939-AD71-B5F341278447}
	EndGlobalSection
EndGlobal
