
Microsoft Visual Studio Solution File, Format Version 12.00
# Visual Studio Version 17
VisualStudioVersion = 17.14.37012.4 d17.14
MinimumVisualStudioVersion = 10.0.40219.1
Project("{FAE04EC0-301F-11D3-BF4B-00C04F79EFBC}") = "ServerDemo", "ServerDemo.csproj", "{CBEDEBAE-4482-A276-D1A4-D25F649F3D2A}"
EndProject
Global
	GlobalSection(SolutionConfigurationPlatforms) = preSolution
		Debug|Any CPU = Debug|Any CPU
		Release|Any CPU = Release|Any CPU
	EndGlobalSection
	GlobalSection(ProjectConfigurationPlatforms) = postSolution
		{CBEDEBAE-4482-A276-D1A4-D25F649F3D2A}.Debug|Any CPU.ActiveCfg = Debug|Any CPU
		{CBEDEBAE-4482-A276-D1A4-D25F649F3D2A}.Debug|Any CPU.Build.0 = Debug|Any CPU
		{CBEDEBAE-4482-A276-D1A4-D25F649F3D2A}.Release|Any CPU.ActiveCfg = Release|Any CPU
		{CBEDEBAE-4482-A276-D1A4-D25F649F3D2A}.Release|Any CPU.Build.0 = Release|Any CPU
	EndGlobalSection
	GlobalSection(SolutionProperties) = preSolution
		HideSolutionNode = FALSE
	EndGlobalSection
	GlobalSection(ExtensibilityGlobals) = postSolution
		SolutionGuid = {731E9874-184C-4EDF-82E3-5B76A30480A2}
	EndGlobalSection
EndGlobal
